
Microsoft Visual Studio Solution File, Format Version 12.00
# Visual Studio Express 2012 for Windows Desktop
Project("{FAE04EC0-301F-11D3-BF4B-00C04F79EFBC}") = "TaskEducation", "TaskEducation\TaskEducation.csproj", "{B039C1F4-9D43-4328-B2E5-575BF1D5CFE8}"
EndProject
Project("{FAE04EC0-301F-11D3-BF4B-00C04F79EFBC}") = "Miner", "Miner\Miner.csproj", "{E765F3A3-123D-4D1A-AA03-EF400461A3D0}"
EndProject
Project("{FAE04EC0-301F-11D3-BF4B-00C04F79EFBC}") = "Factorial", "Factorial\Factorial.csproj", "{32CB62DC-D64A-450F-88DA-76FE673C1D53}"
EndProject
Project("{FAE04EC0-301F-11D3-BF4B-00C04F79EFBC}") = "Kot", "Kot\Kot.csproj", "{7FEEA7F8-4721-4740-8588-7C7363D646DE}"
EndProject
Project("{FAE04EC0-301F-11D3-BF4B-00C04F79EFBC}") = "WordsAndNumbers", "WordsAndNumbers\WordsAndNumbers.csproj", "{05A89F30-897D-462E-9E17-BB17B3458E29}"
EndProject
Project("{FAE04EC0-301F-11D3-BF4B-00C04F79EFBC}") = "DateArray", "DateTime\DateArray.csproj", "{488542D6-26DC-41A4-94E9-4C2AA943A918}"
EndProject
Project("{FAE04EC0-301F-11D3-BF4B-00C04F79EFBC}") = "BigNumber", "BigNumber\BigNumber.csproj", "{3611622A-754A-453D-89B1-0E95BDFCA965}"
EndProject
Project("{FAE04EC0-301F-11D3-BF4B-00C04F79EFBC}") = "Miner_It_is_possible_to_play", "Miner_It_is_possible_to_play\Miner_It_is_possible_to_play.csproj", "{AE17465F-28A1-43AE-95C8-3BAFBF0C37B2}"
EndProject
Project("{FAE04EC0-301F-11D3-BF4B-00C04F79EFBC}") = "ConsoleApplication1", "ConsoleApplication1\ConsoleApplication1.csproj", "{0915117A-16E6-4E40-8520-0BB7BB4A269B}"
EndProject
Project("{FAE04EC0-301F-11D3-BF4B-00C04F79EFBC}") = "Students", "Students\Students.csproj", "{A25FDD1D-192C-4136-961A-A21C12B9C043}"
EndProject
Global
	GlobalSection(SolutionConfigurationPlatforms) = preSolution
		Debug|Any CPU = Debug|Any CPU
		Release|Any CPU = Release|Any CPU
	EndGlobalSection
	GlobalSection(ProjectConfigurationPlatforms) = postSolution
		{B039C1F4-9D43-4328-B2E5-575BF1D5CFE8}.Debug|Any CPU.ActiveCfg = Debug|Any CPU
		{B039C1F4-9D43-4328-B2E5-575BF1D5CFE8}.Debug|Any CPU.Build.0 = Debug|Any CPU
		{B039C1F4-9D43-4328-B2E5-575BF1D5CFE8}.Release|Any CPU.ActiveCfg = Release|Any CPU
		{B039C1F4-9D43-4328-B2E5-575BF1D5CFE8}.Release|Any CPU.Build.0 = Release|Any CPU
		{E765F3A3-123D-4D1A-AA03-EF400461A3D0}.Debug|Any CPU.ActiveCfg = Debug|Any CPU
		{E765F3A3-123D-4D1A-AA03-EF400461A3D0}.Debug|Any CPU.Build.0 = Debug|Any CPU
		{E765F3A3-123D-4D1A-AA03-EF400461A3D0}.Release|Any CPU.ActiveCfg = Release|Any CPU
		{E765F3A3-123D-4D1A-AA03-EF400461A3D0}.Release|Any CPU.Build.0 = Release|Any CPU
		{32CB62DC-D64A-450F-88DA-76FE673C1D53}.Debug|Any CPU.ActiveCfg = Debug|Any CPU
		{32CB62DC-D64A-450F-88DA-76FE673C1D53}.Debug|Any CPU.Build.0 = Debug|Any CPU
		{32CB62DC-D64A-450F-88DA-76FE673C1D53}.Release|Any CPU.ActiveCfg = Release|Any CPU
		{32CB62DC-D64A-450F-88DA-76FE673C1D53}.Release|Any CPU.Build.0 = Release|Any CPU
		{7FEEA7F8-4721-4740-8588-7C7363D646DE}.Debug|Any CPU.ActiveCfg = Debug|Any CPU
		{7FEEA7F8-4721-4740-8588-7C7363D646DE}.Debug|Any CPU.Build.0 = Debug|Any CPU
		{7FEEA7F8-4721-4740-8588-7C7363D646DE}.Release|Any CPU.ActiveCfg = Release|Any CPU
		{7FEEA7F8-4721-4740-8588-7C7363D646DE}.Release|Any CPU.Build.0 = Release|Any CPU
		{05A89F30-897D-462E-9E17-BB17B3458E29}.Debug|Any CPU.ActiveCfg = Debug|Any CPU
		{05A89F30-897D-462E-9E17-BB17B3458E29}.Debug|Any CPU.Build.0 = Debug|Any CPU
		{05A89F30-897D-462E-9E17-BB17B3458E29}.Release|Any CPU.ActiveCfg = Release|Any CPU
		{05A89F30-897D-462E-9E17-BB17B3458E29}.Release|Any CPU.Build.0 = Release|Any CPU
		{488542D6-26DC-41A4-94E9-4C2AA943A918}.Debug|Any CPU.ActiveCfg = Debug|Any CPU
		{488542D6-26DC-41A4-94E9-4C2AA943A918}.Debug|Any CPU.Build.0 = Debug|Any CPU
		{488542D6-26DC-41A4-94E9-4C2AA943A918}.Release|Any CPU.ActiveCfg = Release|Any CPU
		{488542D6-26DC-41A4-94E9-4C2AA943A918}.Release|Any CPU.Build.0 = Release|Any CPU
		{3611622A-754A-453D-89B1-0E95BDFCA965}.Debug|Any CPU.ActiveCfg = Debug|Any CPU
		{3611622A-754A-453D-89B1-0E95BDFCA965}.Debug|Any CPU.Build.0 = Debug|Any CPU
		{3611622A-754A-453D-89B1-0E95BDFCA965}.Release|Any CPU.ActiveCfg = Release|Any CPU
		{3611622A-754A-453D-89B1-0E95BDFCA965}.Release|Any CPU.Build.0 = Release|Any CPU
		{AE17465F-28A1-43AE-95C8-3BAFBF0C37B2}.Debug|Any CPU.ActiveCfg = Debug|Any CPU
		{AE17465F-28A1-43AE-95C8-3BAFBF0C37B2}.Debug|Any CPU.Build.0 = Debug|Any CPU
		{AE17465F-28A1-43AE-95C8-3BAFBF0C37B2}.Release|Any CPU.ActiveCfg = Release|Any CPU
		{AE17465F-28A1-43AE-95C8-3BAFBF0C37B2}.Release|Any CPU.Build.0 = Release|Any CPU
		{0915117A-16E6-4E40-8520-0BB7BB4A269B}.Debug|Any CPU.ActiveCfg = Debug|Any CPU
		{0915117A-16E6-4E40-8520-0BB7BB4A269B}.Debug|Any CPU.Build.0 = Debug|Any CPU
		{0915117A-16E6-4E40-8520-0BB7BB4A269B}.Release|Any CPU.ActiveCfg = Release|Any CPU
		{0915117A-16E6-4E40-8520-0BB7BB4A269B}.Release|Any CPU.Build.0 = Release|Any CPU
		{A25FDD1D-192C-4136-961A-A21C12B9C043}.Debug|Any CPU.ActiveCfg = Debug|Any CPU
		{A25FDD1D-192C-4136-961A-A21C12B9C043}.Debug|Any CPU.Build.0 = Debug|Any CPU
		{A25FDD1D-192C-4136-961A-A21C12B9C043}.Release|Any CPU.ActiveCfg = Release|Any CPU
		{A25FDD1D-192C-4136-961A-A21C12B9C043}.Release|Any CPU.Build.0 = Release|Any CPU
	EndGlobalSection
	GlobalSection(SolutionProperties) = preSolution
		HideSolutionNode = FALSE
	EndGlobalSection
EndGlobal
